{
  "name": "mwe-esbuild",
  "version": "1.0.0",
  "lockfileVersion": 3,
  "requires": true,
  "packages": {
    "": {
      "name": "mwe-esbuild",
      "version": "1.0.0",
      "license": "ISC",
      "workspaces": [
        "packages/binder"
      ]
    },
    "node_modules/binder": {
      "resolved": "packages/binder",
      "link": true
    },
    "packages/binder": {
      "version": "1.0.0",
      "license": "ISC"
    }
  }
}
